
Microsoft Visual Studio Solution File, Format Version 12.00
# Visual Studio Version 17
VisualStudioVersion = 17.9.34723.18
MinimumVisualStudioVersion = 10.0.40219.1
Project("{FAE04EC0-301F-11D3-BF4B-00C04F79EFBC}") = "D24ModuleInstaller", "D24ModuleInstaller\D24ModuleInstaller.csproj", "{51E7040D-BB87-405B-A12A-8D77F900D7DE}"
EndProject
Global
	GlobalSection(SolutionConfigurationPlatforms) = preSolution
		Debug|Any CPU = Debug|Any CPU
		Release|Any CPU = Release|Any CPU
	EndGlobalSection
	GlobalSection(ProjectConfigurationPlatforms) = postSolution
		{51E7040D-BB87-405B-A12A-8D77F900D7DE}.Debug|Any CPU.ActiveCfg = Debug|Any CPU
		{51E7040D-BB87-405B-A12A-8D77F900D7DE}.Debug|Any CPU.Build.0 = Debug|Any CPU
		{51E7040D-BB87-405B-A12A-8D77F900D7DE}.Release|Any CPU.ActiveCfg = Release|Any CPU
		{51E7040D-BB87-405B-A12A-8D77F900D7DE}.Release|Any CPU.Build.0 = Release|Any CPU
	EndGlobalSection
	GlobalSection(SolutionProperties) = preSolution
		HideSolutionNode = FALSE
	EndGlobalSection
	GlobalSection(ExtensibilityGlobals) = postSolution
		SolutionGuid = {561CF93C-BD81-45AE-A13A-3530C6D035B8}
	EndGlobalSection
EndGlobal
